
Microsoft Visual Studio Solution File, Format Version 12.00
# Visual Studio Version 16
VisualStudioVersion = 16.0.34601.136
MinimumVisualStudioVersion = 10.0.40219.1
Project("{FAE04EC0-301F-11D3-BF4B-00C04F79EFBC}") = "Revisao", "Revisao.csproj", "{A810888F-7CCD-45C4-99CF-F76C4AC8AD0E}"
EndProject
Global
	GlobalSection(SolutionConfigurationPlatforms) = preSolution
		Debug|Any CPU = Debug|Any CPU
		Release|Any CPU = Release|Any CPU
	EndGlobalSection
	GlobalSection(ProjectConfigurationPlatforms) = postSolution
		{A810888F-7CCD-45C4-99CF-F76C4AC8AD0E}.Debug|Any CPU.ActiveCfg = Debug|Any CPU
		{A810888F-7CCD-45C4-99CF-F76C4AC8AD0E}.Debug|Any CPU.Build.0 = Debug|Any CPU
		{A810888F-7CCD-45C4-99CF-F76C4AC8AD0E}.Release|Any CPU.ActiveCfg = Release|Any CPU
		{A810888F-7CCD-45C4-99CF-F76C4AC8AD0E}.Release|Any CPU.Build.0 = Release|Any CPU
	EndGlobalSection
	GlobalSection(SolutionProperties) = preSolution
		HideSolutionNode = FALSE
	EndGlobalSection
	GlobalSection(ExtensibilityGlobals) = postSolution
		SolutionGuid = {B3BB0980-97A4-4736-AE25-A5122746CAFD}
	EndGlobalSection
EndGlobal
